
Microsoft Visual Studio Solution File, Format Version 12.00
# Visual Studio 14
VisualStudioVersion = 14.0.25420.1
MinimumVisualStudioVersion = 10.0.40219.1
Project("{FAE04EC0-301F-11D3-BF4B-00C04F79EFBC}") = "Jarvis", "Jarvis\Jarvis.csproj", "{92B63502-76D9-46A2-8ECB-CFA3725B18EA}"
EndProject
Project("{FAE04EC0-301F-11D3-BF4B-00C04F79EFBC}") = "TestGround", "TestGround\TestGround.csproj", "{4AD0DA35-2D1B-4B07-8EE4-8FCC9EFCF5E1}"
EndProject
Project("{FAE04EC0-301F-11D3-BF4B-00C04F79EFBC}") = "TestGround2", "TestGround2\TestGround2.csproj", "{C0DCF17D-595E-4336-B517-9D4A26F6309B}"
EndProject
Project("{FAE04EC0-301F-11D3-BF4B-00C04F79EFBC}") = "WindowsFormsApplication1", "WindowsFormsApplication1\WindowsFormsApplication1.csproj", "{B5F8A500-10E8-423E-98BB-C99174FE3C94}"
EndProject
Project("{FAE04EC0-301F-11D3-BF4B-00C04F79EFBC}") = "AForgeTestGround", "AForgeTestGround\AForgeTestGround.csproj", "{248FE45E-424C-47D4-8D01-25BB1E37836C}"
EndProject
Project("{FAE04EC0-301F-11D3-BF4B-00C04F79EFBC}") = "YouTube.TestGround", "YouTube.TestGround\YouTube.TestGround.csproj", "{1CA5C906-9068-44C9-8D37-429F4E793D8E}"
EndProject
Project("{2150E333-8FDC-42A3-9474-1A3956D46DE8}") = "Youtube", "Youtube", "{660C740E-02F3-4269-831A-934EFE1E3C02}"
EndProject
Project("{FAE04EC0-301F-11D3-BF4B-00C04F79EFBC}") = "WindowsForms.YouTube", "WindowsForms.YouTube\WindowsForms.YouTube.csproj", "{F13B74ED-A4A3-4190-8DA9-9A956F5DD4AE}"
EndProject
Project("{2150E333-8FDC-42A3-9474-1A3956D46DE8}") = "ProcessComunication", "ProcessComunication", "{0EAD2804-DBED-434E-A712-10542E0525DB}"
EndProject
Project("{FAE04EC0-301F-11D3-BF4B-00C04F79EFBC}") = "NamedPipes.Server", "NamedPipes\NamedPipes.Server.csproj", "{D5321EFD-86C6-45F2-AE89-98EB57B6195D}"
EndProject
Project("{FAE04EC0-301F-11D3-BF4B-00C04F79EFBC}") = "NamedPipes.Client", "NamedPipes.Client\NamedPipes.Client.csproj", "{2C875A03-B4E0-493F-BBBA-1BACEC6F8977}"
EndProject
Project("{2150E333-8FDC-42A3-9474-1A3956D46DE8}") = "WCF", "WCF", "{3B3ECEF7-E973-4A98-B0EA-BF73B8699AEA}"
EndProject
Project("{FAE04EC0-301F-11D3-BF4B-00C04F79EFBC}") = "GettingStartedLib", "GettingStartedLib\GettingStartedLib.csproj", "{C11315A0-4DD2-45A7-BD06-36F7958404B6}"
EndProject
Project("{FAE04EC0-301F-11D3-BF4B-00C04F79EFBC}") = "GettingStartedHost", "GettingStartedHost\GettingStartedHost.csproj", "{FF1DAFD6-4C81-408D-AC3F-6C4A1F16F7A8}"
EndProject
Project("{FAE04EC0-301F-11D3-BF4B-00C04F79EFBC}") = "GettingStartedClient", "GettingStartedClient\GettingStartedClient.csproj", "{0D550D33-1201-4AAA-BE2E-2BEC16ED9202}"
EndProject
Project("{FAE04EC0-301F-11D3-BF4B-00C04F79EFBC}") = "WcfServiceLibrary-Test1", "WcfServiceLibrary-Test1\WcfServiceLibrary-Test1.csproj", "{98EF92C7-29CA-410E-8975-D0ACC24737FC}"
EndProject
Project("{FAE04EC0-301F-11D3-BF4B-00C04F79EFBC}") = "WindowsFormsApplication-Test1", "WindowsFormsApplication-Test1\WindowsFormsApplication-Test1.csproj", "{01F76CA2-3863-4AE1-AD65-B4721A492253}"
	ProjectSection(ProjectDependencies) = postProject
		{98EF92C7-29CA-410E-8975-D0ACC24737FC} = {98EF92C7-29CA-410E-8975-D0ACC24737FC}
	EndProjectSection
EndProject
Project("{2150E333-8FDC-42A3-9474-1A3956D46DE8}") = "AnonymousPipes", "AnonymousPipes", "{B36B2606-B956-4440-B5C8-EDEBC5AEB5C2}"
EndProject
Project("{FAE04EC0-301F-11D3-BF4B-00C04F79EFBC}") = "PipeServer", "PipeServer\PipeServer.csproj", "{49AC370B-7A6F-4C63-AAE0-789B325532E9}"
EndProject
Project("{FAE04EC0-301F-11D3-BF4B-00C04F79EFBC}") = "PipeClient", "PipeClient\PipeClient.csproj", "{3B92D96C-5B7B-480F-A3B6-BA34BC6DCA98}"
EndProject
Project("{FAE04EC0-301F-11D3-BF4B-00C04F79EFBC}") = "TestClient", "TestClient\TestClient.csproj", "{E9EA6C75-9477-41DD-9183-133E4B178B85}"
EndProject
Project("{FAE04EC0-301F-11D3-BF4B-00C04F79EFBC}") = "TestServer", "TestServer\TestServer.csproj", "{B6FF5153-78B6-495D-A56E-9A590BB995AA}"
EndProject
Project("{FAE04EC0-301F-11D3-BF4B-00C04F79EFBC}") = "SendKeysTestgroung", "SendKeysTestgroung\SendKeysTestgroung.csproj", "{13D0E009-144C-4C99-BD94-75A7A014105B}"
EndProject
Project("{FAE04EC0-301F-11D3-BF4B-00C04F79EFBC}") = "WebApplication1", "WebApplication1\WebApplication1.csproj", "{D3FADCF4-8EE8-41F5-A776-A723241C7D38}"
EndProject
Project("{2150E333-8FDC-42A3-9474-1A3956D46DE8}") = "Scaners", "Scaners", "{1B5AA7E5-6051-4B6B-8D86-8A9CD59AAFE5}"
EndProject
Project("{FAE04EC0-301F-11D3-BF4B-00C04F79EFBC}") = "Scaner", "Scaner\Scaner.csproj", "{8C586386-2D55-4949-866B-204741B8044F}"
EndProject
Project("{FAE04EC0-301F-11D3-BF4B-00C04F79EFBC}") = "monitoring", "monitoring\monitoring.csproj", "{3B2D78E9-971F-4C4A-9C26-E6362ADCE1A1}"
EndProject
Project("{2150E333-8FDC-42A3-9474-1A3956D46DE8}") = "Web", "Web", "{4F568F42-2695-426A-8C9E-1A127A209F56}"
EndProject
Project("{FAE04EC0-301F-11D3-BF4B-00C04F79EFBC}") = "TestWebServices", "TestWebServices\TestWebServices.csproj", "{B7A2C702-8318-4C15-8952-BF0B21478027}"
EndProject
Project("{FAE04EC0-301F-11D3-BF4B-00C04F79EFBC}") = "ConsoleApplication1", "ConsoleApplication1\ConsoleApplication1.csproj", "{A0E724B7-432E-4960-98A7-505FCD6F5CC3}"
EndProject
Global
	GlobalSection(SolutionConfigurationPlatforms) = preSolution
		Debug|Any CPU = Debug|Any CPU
		Release|Any CPU = Release|Any CPU
	EndGlobalSection
	GlobalSection(ProjectConfigurationPlatforms) = postSolution
		{92B63502-76D9-46A2-8ECB-CFA3725B18EA}.Debug|Any CPU.ActiveCfg = Debug|Any CPU
		{92B63502-76D9-46A2-8ECB-CFA3725B18EA}.Debug|Any CPU.Build.0 = Debug|Any CPU
		{92B63502-76D9-46A2-8ECB-CFA3725B18EA}.Release|Any CPU.ActiveCfg = Release|Any CPU
		{92B63502-76D9-46A2-8ECB-CFA3725B18EA}.Release|Any CPU.Build.0 = Release|Any CPU
		{4AD0DA35-2D1B-4B07-8EE4-8FCC9EFCF5E1}.Debug|Any CPU.ActiveCfg = Debug|Any CPU
		{4AD0DA35-2D1B-4B07-8EE4-8FCC9EFCF5E1}.Debug|Any CPU.Build.0 = Debug|Any CPU
		{4AD0DA35-2D1B-4B07-8EE4-8FCC9EFCF5E1}.Release|Any CPU.ActiveCfg = Release|Any CPU
		{4AD0DA35-2D1B-4B07-8EE4-8FCC9EFCF5E1}.Release|Any CPU.Build.0 = Release|Any CPU
		{C0DCF17D-595E-4336-B517-9D4A26F6309B}.Debug|Any CPU.ActiveCfg = Debug|Any CPU
		{C0DCF17D-595E-4336-B517-9D4A26F6309B}.Debug|Any CPU.Build.0 = Debug|Any CPU
		{C0DCF17D-595E-4336-B517-9D4A26F6309B}.Release|Any CPU.ActiveCfg = Release|Any CPU
		{C0DCF17D-595E-4336-B517-9D4A26F6309B}.Release|Any CPU.Build.0 = Release|Any CPU
		{B5F8A500-10E8-423E-98BB-C99174FE3C94}.Debug|Any CPU.ActiveCfg = Debug|Any CPU
		{B5F8A500-10E8-423E-98BB-C99174FE3C94}.Debug|Any CPU.Build.0 = Debug|Any CPU
		{B5F8A500-10E8-423E-98BB-C99174FE3C94}.Release|Any CPU.ActiveCfg = Release|Any CPU
		{B5F8A500-10E8-423E-98BB-C99174FE3C94}.Release|Any CPU.Build.0 = Release|Any CPU
		{248FE45E-424C-47D4-8D01-25BB1E37836C}.Debug|Any CPU.ActiveCfg = Debug|Any CPU
		{248FE45E-424C-47D4-8D01-25BB1E37836C}.Debug|Any CPU.Build.0 = Debug|Any CPU
		{248FE45E-424C-47D4-8D01-25BB1E37836C}.Release|Any CPU.ActiveCfg = Release|Any CPU
		{248FE45E-424C-47D4-8D01-25BB1E37836C}.Release|Any CPU.Build.0 = Release|Any CPU
		{1CA5C906-9068-44C9-8D37-429F4E793D8E}.Debug|Any CPU.ActiveCfg = Debug|Any CPU
		{1CA5C906-9068-44C9-8D37-429F4E793D8E}.Debug|Any CPU.Build.0 = Debug|Any CPU
		{1CA5C906-9068-44C9-8D37-429F4E793D8E}.Release|Any CPU.ActiveCfg = Release|Any CPU
		{1CA5C906-9068-44C9-8D37-429F4E793D8E}.Release|Any CPU.Build.0 = Release|Any CPU
		{F13B74ED-A4A3-4190-8DA9-9A956F5DD4AE}.Debug|Any CPU.ActiveCfg = Debug|Any CPU
		{F13B74ED-A4A3-4190-8DA9-9A956F5DD4AE}.Debug|Any CPU.Build.0 = Debug|Any CPU
		{F13B74ED-A4A3-4190-8DA9-9A956F5DD4AE}.Release|Any CPU.ActiveCfg = Release|Any CPU
		{F13B74ED-A4A3-4190-8DA9-9A956F5DD4AE}.Release|Any CPU.Build.0 = Release|Any CPU
		{D5321EFD-86C6-45F2-AE89-98EB57B6195D}.Debug|Any CPU.ActiveCfg = Debug|Any CPU
		{D5321EFD-86C6-45F2-AE89-98EB57B6195D}.Debug|Any CPU.Build.0 = Debug|Any CPU
		{D5321EFD-86C6-45F2-AE89-98EB57B6195D}.Release|Any CPU.ActiveCfg = Release|Any CPU
		{D5321EFD-86C6-45F2-AE89-98EB57B6195D}.Release|Any CPU.Build.0 = Release|Any CPU
		{2C875A03-B4E0-493F-BBBA-1BACEC6F8977}.Debug|Any CPU.ActiveCfg = Debug|Any CPU
		{2C875A03-B4E0-493F-BBBA-1BACEC6F8977}.Debug|Any CPU.Build.0 = Debug|Any CPU
		{2C875A03-B4E0-493F-BBBA-1BACEC6F8977}.Release|Any CPU.ActiveCfg = Release|Any CPU
		{2C875A03-B4E0-493F-BBBA-1BACEC6F8977}.Release|Any CPU.Build.0 = Release|Any CPU
		{C11315A0-4DD2-45A7-BD06-36F7958404B6}.Debug|Any CPU.ActiveCfg = Debug|Any CPU
		{C11315A0-4DD2-45A7-BD06-36F7958404B6}.Debug|Any CPU.Build.0 = Debug|Any CPU
		{C11315A0-4DD2-45A7-BD06-36F7958404B6}.Release|Any CPU.ActiveCfg = Release|Any CPU
		{C11315A0-4DD2-45A7-BD06-36F7958404B6}.Release|Any CPU.Build.0 = Release|Any CPU
		{FF1DAFD6-4C81-408D-AC3F-6C4A1F16F7A8}.Debug|Any CPU.ActiveCfg = Debug|Any CPU
		{FF1DAFD6-4C81-408D-AC3F-6C4A1F16F7A8}.Debug|Any CPU.Build.0 = Debug|Any CPU
		{FF1DAFD6-4C81-408D-AC3F-6C4A1F16F7A8}.Release|Any CPU.ActiveCfg = Release|Any CPU
		{FF1DAFD6-4C81-408D-AC3F-6C4A1F16F7A8}.Release|Any CPU.Build.0 = Release|Any CPU
		{0D550D33-1201-4AAA-BE2E-2BEC16ED9202}.Debug|Any CPU.ActiveCfg = Debug|Any CPU
		{0D550D33-1201-4AAA-BE2E-2BEC16ED9202}.Debug|Any CPU.Build.0 = Debug|Any CPU
		{0D550D33-1201-4AAA-BE2E-2BEC16ED9202}.Release|Any CPU.ActiveCfg = Release|Any CPU
		{0D550D33-1201-4AAA-BE2E-2BEC16ED9202}.Release|Any CPU.Build.0 = Release|Any CPU
		{98EF92C7-29CA-410E-8975-D0ACC24737FC}.Debug|Any CPU.ActiveCfg = Debug|Any CPU
		{98EF92C7-29CA-410E-8975-D0ACC24737FC}.Debug|Any CPU.Build.0 = Debug|Any CPU
		{98EF92C7-29CA-410E-8975-D0ACC24737FC}.Release|Any CPU.ActiveCfg = Release|Any CPU
		{98EF92C7-29CA-410E-8975-D0ACC24737FC}.Release|Any CPU.Build.0 = Release|Any CPU
		{01F76CA2-3863-4AE1-AD65-B4721A492253}.Debug|Any CPU.ActiveCfg = Debug|Any CPU
		{01F76CA2-3863-4AE1-AD65-B4721A492253}.Debug|Any CPU.Build.0 = Debug|Any CPU
		{01F76CA2-3863-4AE1-AD65-B4721A492253}.Release|Any CPU.ActiveCfg = Release|Any CPU
		{01F76CA2-3863-4AE1-AD65-B4721A492253}.Release|Any CPU.Build.0 = Release|Any CPU
		{49AC370B-7A6F-4C63-AAE0-789B325532E9}.Debug|Any CPU.ActiveCfg = Debug|Any CPU
		{49AC370B-7A6F-4C63-AAE0-789B325532E9}.Debug|Any CPU.Build.0 = Debug|Any CPU
		{49AC370B-7A6F-4C63-AAE0-789B325532E9}.Release|Any CPU.ActiveCfg = Release|Any CPU
		{49AC370B-7A6F-4C63-AAE0-789B325532E9}.Release|Any CPU.Build.0 = Release|Any CPU
		{3B92D96C-5B7B-480F-A3B6-BA34BC6DCA98}.Debug|Any CPU.ActiveCfg = Debug|Any CPU
		{3B92D96C-5B7B-480F-A3B6-BA34BC6DCA98}.Debug|Any CPU.Build.0 = Debug|Any CPU
		{3B92D96C-5B7B-480F-A3B6-BA34BC6DCA98}.Release|Any CPU.ActiveCfg = Release|Any CPU
		{3B92D96C-5B7B-480F-A3B6-BA34BC6DCA98}.Release|Any CPU.Build.0 = Release|Any CPU
		{E9EA6C75-9477-41DD-9183-133E4B178B85}.Debug|Any CPU.ActiveCfg = Debug|Any CPU
		{E9EA6C75-9477-41DD-9183-133E4B178B85}.Debug|Any CPU.Build.0 = Debug|Any CPU
		{E9EA6C75-9477-41DD-9183-133E4B178B85}.Release|Any CPU.ActiveCfg = Release|Any CPU
		{E9EA6C75-9477-41DD-9183-133E4B178B85}.Release|Any CPU.Build.0 = Release|Any CPU
		{B6FF5153-78B6-495D-A56E-9A590BB995AA}.Debug|Any CPU.ActiveCfg = Debug|Any CPU
		{B6FF5153-78B6-495D-A56E-9A590BB995AA}.Debug|Any CPU.Build.0 = Debug|Any CPU
		{B6FF5153-78B6-495D-A56E-9A590BB995AA}.Release|Any CPU.ActiveCfg = Release|Any CPU
		{B6FF5153-78B6-495D-A56E-9A590BB995AA}.Release|Any CPU.Build.0 = Release|Any CPU
		{13D0E009-144C-4C99-BD94-75A7A014105B}.Debug|Any CPU.ActiveCfg = Debug|Any CPU
		{13D0E009-144C-4C99-BD94-75A7A014105B}.Debug|Any CPU.Build.0 = Debug|Any CPU
		{13D0E009-144C-4C99-BD94-75A7A014105B}.Release|Any CPU.ActiveCfg = Release|Any CPU
		{13D0E009-144C-4C99-BD94-75A7A014105B}.Release|Any CPU.Build.0 = Release|Any CPU
		{D3FADCF4-8EE8-41F5-A776-A723241C7D38}.Debug|Any CPU.ActiveCfg = Debug|Any CPU
		{D3FADCF4-8EE8-41F5-A776-A723241C7D38}.Debug|Any CPU.Build.0 = Debug|Any CPU
		{D3FADCF4-8EE8-41F5-A776-A723241C7D38}.Release|Any CPU.ActiveCfg = Release|Any CPU
		{D3FADCF4-8EE8-41F5-A776-A723241C7D38}.Release|Any CPU.Build.0 = Release|Any CPU
		{8C586386-2D55-4949-866B-204741B8044F}.Debug|Any CPU.ActiveCfg = Debug|Any CPU
		{8C586386-2D55-4949-866B-204741B8044F}.Debug|Any CPU.Build.0 = Debug|Any CPU
		{8C586386-2D55-4949-866B-204741B8044F}.Release|Any CPU.ActiveCfg = Release|Any CPU
		{8C586386-2D55-4949-866B-204741B8044F}.Release|Any CPU.Build.0 = Release|Any CPU
		{3B2D78E9-971F-4C4A-9C26-E6362ADCE1A1}.Debug|Any CPU.ActiveCfg = Debug|Any CPU
		{3B2D78E9-971F-4C4A-9C26-E6362ADCE1A1}.Debug|Any CPU.Build.0 = Debug|Any CPU
		{3B2D78E9-971F-4C4A-9C26-E6362ADCE1A1}.Release|Any CPU.ActiveCfg = Release|Any CPU
		{3B2D78E9-971F-4C4A-9C26-E6362ADCE1A1}.Release|Any CPU.Build.0 = Release|Any CPU
		{B7A2C702-8318-4C15-8952-BF0B21478027}.Debug|Any CPU.ActiveCfg = Debug|Any CPU
		{B7A2C702-8318-4C15-8952-BF0B21478027}.Debug|Any CPU.Build.0 = Debug|Any CPU
		{B7A2C702-8318-4C15-8952-BF0B21478027}.Release|Any CPU.ActiveCfg = Release|Any CPU
		{B7A2C702-8318-4C15-8952-BF0B21478027}.Release|Any CPU.Build.0 = Release|Any CPU
		{A0E724B7-432E-4960-98A7-505FCD6F5CC3}.Debug|Any CPU.ActiveCfg = Debug|Any CPU
		{A0E724B7-432E-4960-98A7-505FCD6F5CC3}.Debug|Any CPU.Build.0 = Debug|Any CPU
		{A0E724B7-432E-4960-98A7-505FCD6F5CC3}.Release|Any CPU.ActiveCfg = Release|Any CPU
		{A0E724B7-432E-4960-98A7-505FCD6F5CC3}.Release|Any CPU.Build.0 = Release|Any CPU
	EndGlobalSection
	GlobalSection(SolutionProperties) = preSolution
		HideSolutionNode = FALSE
	EndGlobalSection
	GlobalSection(NestedProjects) = preSolution
		{1CA5C906-9068-44C9-8D37-429F4E793D8E} = {660C740E-02F3-4269-831A-934EFE1E3C02}
		{F13B74ED-A4A3-4190-8DA9-9A956F5DD4AE} = {660C740E-02F3-4269-831A-934EFE1E3C02}
		{D5321EFD-86C6-45F2-AE89-98EB57B6195D} = {0EAD2804-DBED-434E-A712-10542E0525DB}
		{2C875A03-B4E0-493F-BBBA-1BACEC6F8977} = {0EAD2804-DBED-434E-A712-10542E0525DB}
		{3B3ECEF7-E973-4A98-B0EA-BF73B8699AEA} = {0EAD2804-DBED-434E-A712-10542E0525DB}
		{C11315A0-4DD2-45A7-BD06-36F7958404B6} = {3B3ECEF7-E973-4A98-B0EA-BF73B8699AEA}
		{FF1DAFD6-4C81-408D-AC3F-6C4A1F16F7A8} = {3B3ECEF7-E973-4A98-B0EA-BF73B8699AEA}
		{0D550D33-1201-4AAA-BE2E-2BEC16ED9202} = {3B3ECEF7-E973-4A98-B0EA-BF73B8699AEA}
		{98EF92C7-29CA-410E-8975-D0ACC24737FC} = {3B3ECEF7-E973-4A98-B0EA-BF73B8699AEA}
		{01F76CA2-3863-4AE1-AD65-B4721A492253} = {3B3ECEF7-E973-4A98-B0EA-BF73B8699AEA}
		{B36B2606-B956-4440-B5C8-EDEBC5AEB5C2} = {0EAD2804-DBED-434E-A712-10542E0525DB}
		{49AC370B-7A6F-4C63-AAE0-789B325532E9} = {B36B2606-B956-4440-B5C8-EDEBC5AEB5C2}
		{3B92D96C-5B7B-480F-A3B6-BA34BC6DCA98} = {B36B2606-B956-4440-B5C8-EDEBC5AEB5C2}
		{E9EA6C75-9477-41DD-9183-133E4B178B85} = {B36B2606-B956-4440-B5C8-EDEBC5AEB5C2}
		{B6FF5153-78B6-495D-A56E-9A590BB995AA} = {B36B2606-B956-4440-B5C8-EDEBC5AEB5C2}
		{13D0E009-144C-4C99-BD94-75A7A014105B} = {0EAD2804-DBED-434E-A712-10542E0525DB}
		{8C586386-2D55-4949-866B-204741B8044F} = {1B5AA7E5-6051-4B6B-8D86-8A9CD59AAFE5}
		{3B2D78E9-971F-4C4A-9C26-E6362ADCE1A1} = {1B5AA7E5-6051-4B6B-8D86-8A9CD59AAFE5}
		{B7A2C702-8318-4C15-8952-BF0B21478027} = {4F568F42-2695-426A-8C9E-1A127A209F56}
	EndGlobalSection
EndGlobal
